# This file is generated by running "yarn install" inside your project.
# Manual changes might be lost - proceed with caution!

__metadata:
  version: 9
  cacheKey: 10c0

"@emnapi/runtime@npm:^1.11.1":
  version: 1.11.3
  resolution: "@emnapi/runtime@npm:1.11.3"
  dependencies:
    tslib: "npm:^2.4.0"
  checksum: 10c0/a00f1020fefb9d4145c367f93a9fddb383a00da8ffd7871e20b19659890379b83aeecb9f84d7d0eda5456343f4a09eb05b0acb5153b0d3d889539dedb1ed87c3
  languageName: node
  linkType: hard

"@img/colour@npm:^1.1.0":
  version: 1.1.0
  resolution: "@img/colour@npm:1.1.0"
  checksum: 10c0/2ebea2c0bbaee73b99badcefa04e1e71d83f36e5369337d3121dca841f4569533c4e2faddda6d62dd247f0d5cca143711f9446c59bcce81e427ba433a7a94a17
  languageName: node
  linkType: hard

"@img/sharp-darwin-arm64@npm:0.35.3":
  version: 0.35.3
  resolution: "@img/sharp-darwin-arm64@npm:0.35.3"
  dependencies:
    "@img/sharp-libvips-darwin-arm64": "npm:1.3.2"
  dependenciesMeta:
    "@img/sharp-libvips-darwin-arm64":
      optional: true
  conditions: os=darwin & cpu=arm64
  languageName: node
  linkType: hard

"@img/sharp-darwin-x64@npm:0.35.3":
  version: 0.35.3
  resolution: "@img/sharp-darwin-x64@npm:0.35.3"
  dependencies:
    "@img/sharp-libvips-darwin-x64": "npm:1.3.2"
  dependenciesMeta:
    "@img/sharp-libvips-darwin-x64":
      optional: true
  conditions: os=darwin & cpu=x64
  languageName: node
  linkType: hard

"@img/sharp-freebsd-wasm32@npm:0.35.3":
  version: 0.35.3
  resolution: "@img/sharp-freebsd-wasm32@npm:0.35.3"
  dependencies:
    "@img/sharp-wasm32": "npm:0.35.3"
  conditions: os=freebsd
  languageName: node
  linkType: hard

"@img/sharp-libvips-darwin-arm64@npm:1.3.2":
  version: 1.3.2
  resolution: "@img/sharp-libvips-darwin-arm64@npm:1.3.2"
  conditions: os=darwin & cpu=arm64
  languageName: node
  linkType: hard

"@img/sharp-libvips-darwin-x64@npm:1.3.2":
  version: 1.3.2
  resolution: "@img/sharp-libvips-darwin-x64@npm:1.3.2"
  conditions: os=darwin & cpu=x64
  languageName: node
  linkType: hard

"@img/sharp-libvips-linux-arm64@npm:1.3.2":
  version: 1.3.2
  resolution: "@img/sharp-libvips-linux-arm64@npm:1.3.2"
  conditions: os=linux & cpu=arm64 & libc=glibc
  languageName: node
  linkType: hard

"@img/sharp-libvips-linux-arm@npm:1.3.2":
  version: 1.3.2
  resolution: "@img/sharp-libvips-linux-arm@npm:1.3.2"
  conditions: os=linux & cpu=arm & libc=glibc
  languageName: node
  linkType: hard

"@img/sharp-libvips-linux-ppc64@npm:1.3.2":
  version: 1.3.2
  resolution: "@img/sharp-libvips-linux-ppc64@npm:1.3.2"
  conditions: os=linux & cpu=ppc64 & libc=glibc
  languageName: node
  linkType: hard

"@img/sharp-libvips-linux-riscv64@npm:1.3.2":
  version: 1.3.2
  resolution: "@img/sharp-libvips-linux-riscv64@npm:1.3.2"
  conditions: os=linux & cpu=riscv64 & libc=glibc
  languageName: node
  linkType: hard

"@img/sharp-libvips-linux-s390x@npm:1.3.2":
  version: 1.3.2
  resolution: "@img/sharp-libvips-linux-s390x@npm:1.3.2"
  conditions: os=linux & cpu=s390x & libc=glibc
  languageName: node
  linkType: hard

"@img/sharp-libvips-linux-x64@npm:1.3.2":
  version: 1.3.2
  resolution: "@img/sharp-libvips-linux-x64@npm:1.3.2"
  conditions: os=linux & cpu=x64 & libc=glibc
  languageName: node
  linkType: hard

"@img/sharp-libvips-linuxmusl-arm64@npm:1.3.2":
  version: 1.3.2
  resolution: "@img/sharp-libvips-linuxmusl-arm64@npm:1.3.2"
  conditions: os=linux & cpu=arm64 & libc=musl
  languageName: node
  linkType: hard

"@img/sharp-libvips-linuxmusl-x64@npm:1.3.2":
  version: 1.3.2
  resolution: "@img/sharp-libvips-linuxmusl-x64@npm:1.3.2"
  conditions: os=linux & cpu=x64 & libc=musl
  languageName: node
  linkType: hard

"@img/sharp-linux-arm64@npm:0.35.3":
  version: 0.35.3
  resolution: "@img/sharp-linux-arm64@npm:0.35.3"
  dependencies:
    "@img/sharp-libvips-linux-arm64": "npm:1.3.2"
  dependenciesMeta:
    "@img/sharp-libvips-linux-arm64":
      optional: true
  conditions: os=linux & cpu=arm64 & libc=glibc
  languageName: node
  linkType: hard

"@img/sharp-linux-arm@npm:0.35.3":
  version: 0.35.3
  resolution: "@img/sharp-linux-arm@npm:0.35.3"
  dependencies:
    "@img/sharp-libvips-linux-arm": "npm:1.3.2"
  dependenciesMeta:
    "@img/sharp-libvips-linux-arm":
      optional: true
  conditions: os=linux & cpu=arm & libc=glibc
  languageName: node
  linkType: hard

"@img/sharp-linux-ppc64@npm:0.35.3":
  version: 0.35.3
  resolution: "@img/sharp-linux-ppc64@npm:0.35.3"
  dependencies:
    "@img/sharp-libvips-linux-ppc64": "npm:1.3.2"
  dependenciesMeta:
    "@img/sharp-libvips-linux-ppc64":
      optional: true
  conditions: os=linux & cpu=ppc64 & libc=glibc
  languageName: node
  linkType: hard

"@img/sharp-linux-riscv64@npm:0.35.3":
  version: 0.35.3
  resolution: "@img/sharp-linux-riscv64@npm:0.35.3"
  dependencies:
    "@img/sharp-libvips-linux-riscv64": "npm:1.3.2"
  dependenciesMeta:
    "@img/sharp-libvips-linux-riscv64":
      optional: true
  conditions: os=linux & cpu=riscv64 & libc=glibc
  languageName: node
  linkType: hard

"@img/sharp-linux-s390x@npm:0.35.3":
  version: 0.35.3
  resolution: "@img/sharp-linux-s390x@npm:0.35.3"
  dependencies:
    "@img/sharp-libvips-linux-s390x": "npm:1.3.2"
  dependenciesMeta:
    "@img/sharp-libvips-linux-s390x":
      optional: true
  conditions: os=linux & cpu=s390x & libc=glibc
  languageName: node
  linkType: hard

"@img/sharp-linux-x64@npm:0.35.3":
  version: 0.35.3
  resolution: "@img/sharp-linux-x64@npm:0.35.3"
  dependencies:
    "@img/sharp-libvips-linux-x64": "npm:1.3.2"
  dependenciesMeta:
    "@img/sharp-libvips-linux-x64":
      optional: true
  conditions: os=linux & cpu=x64 & libc=glibc
  languageName: node
  linkType: hard

"@img/sharp-linuxmusl-arm64@npm:0.35.3":
  version: 0.35.3
  resolution: "@img/sharp-linuxmusl-arm64@npm:0.35.3"
  dependencies:
    "@img/sharp-libvips-linuxmusl-arm64": "npm:1.3.2"
  dependenciesMeta:
    "@img/sharp-libvips-linuxmusl-arm64":
      optional: true
  conditions: os=linux & cpu=arm64 & libc=musl
  languageName: node
  linkType: hard

"@img/sharp-linuxmusl-x64@npm:0.35.3":
  version: 0.35.3
  resolution: "@img/sharp-linuxmusl-x64@npm:0.35.3"
  dependencies:
    "@img/sharp-libvips-linuxmusl-x64": "npm:1.3.2"
  dependenciesMeta:
    "@img/sharp-libvips-linuxmusl-x64":
      optional: true
  conditions: os=linux & cpu=x64 & libc=musl
  languageName: node
  linkType: hard

"@img/sharp-wasm32@npm:0.35.3":
  version: 0.35.3
  resolution: "@img/sharp-wasm32@npm:0.35.3"
  dependencies:
    "@emnapi/runtime": "npm:^1.11.1"
  checksum: 10c0/627125c330ab96e324c888d3c43fa72eb7c975e653277755121df14447373b7b47b011a1eae9c8c360a9535a7072bd6205b6498974006124b513c033a07e0e32
  languageName: node
  linkType: hard

"@img/sharp-webcontainers-wasm32@npm:0.35.3":
  version: 0.35.3
  resolution: "@img/sharp-webcontainers-wasm32@npm:0.35.3"
  dependencies:
    "@img/sharp-wasm32": "npm:0.35.3"
  conditions: cpu=wasm32
  languageName: node
  linkType: hard

"@img/sharp-win32-arm64@npm:0.35.3":
  version: 0.35.3
  resolution: "@img/sharp-win32-arm64@npm:0.35.3"
  conditions: os=win32 & cpu=arm64
  languageName: node
  linkType: hard

"@img/sharp-win32-ia32@npm:0.35.3":
  version: 0.35.3
  resolution: "@img/sharp-win32-ia32@npm:0.35.3"
  conditions: os=win32 & cpu=ia32
  languageName: node
  linkType: hard

"@img/sharp-win32-x64@npm:0.35.3":
  version: 0.35.3
  resolution: "@img/sharp-win32-x64@npm:0.35.3"
  conditions: os=win32 & cpu=x64
  languageName: node
  linkType: hard

"@isaacs/fs-minipass@npm:^4.0.0":
  version: 4.0.1
  resolution: "@isaacs/fs-minipass@npm:4.0.1"
  dependencies:
    minipass: "npm:^7.0.4"
  checksum: 10c0/c25b6dc1598790d5b55c0947a9b7d111cfa92594db5296c3b907e2f533c033666f692a3939eadac17b1c7c40d362d0b0635dc874cbfe3e70db7c2b07cc97a5d2
  languageName: node
  linkType: hard

"abbrev@npm:^5.0.0":
  version: 5.0.0
  resolution: "abbrev@npm:5.0.0"
  checksum: 10c0/8e88f5c798ea4562d28c5a3e9ad69e3879890bc5d695d8f2dffb8609be4c890aacc8f80ef4553fdd2c6a62d70c2ce8bc57b38074e383beb7487bdafa9ed42ea5
  languageName: node
  linkType: hard

"ansi-escapes@npm:^7.3.0":
  version: 7.3.0
  resolution: "ansi-escapes@npm:7.3.0"
  dependencies:
    environment: "npm:^1.0.0"
  checksum: 10c0/068961d99f0ef28b661a4a9f84a5d645df93ccf3b9b93816cc7d46bbe1913321d4cdf156bb842a4e1e4583b7375c631fa963efb43001c4eb7ff9ab8f78fc0679
  languageName: node
  linkType: hard

"ansi-regex@npm:^6.2.2":
  version: 6.2.2
  resolution: "ansi-regex@npm:6.2.2"
  checksum: 10c0/05d4acb1d2f59ab2cf4b794339c7b168890d44dda4bf0ce01152a8da0213aca207802f930442ce8cd22d7a92f44907664aac6508904e75e038fa944d2601b30f
  languageName: node
  linkType: hard

"ansi-styles@npm:^6.2.3":
  version: 6.2.3
  resolution: "ansi-styles@npm:6.2.3"
  checksum: 10c0/23b8a4ce14e18fb854693b95351e286b771d23d8844057ed2e7d083cd3e708376c3323707ec6a24365f7d7eda3ca00327fe04092e29e551499ec4c8b7bfac868
  languageName: node
  linkType: hard

"chownr@npm:^3.0.0":
  version: 3.0.0
  resolution: "chownr@npm:3.0.0"
  checksum: 10c0/43925b87700f7e3893296c8e9c56cc58f926411cce3a6e5898136daaf08f08b9a8eb76d37d3267e707d0dcc17aed2e2ebdf5848c0c3ce95cf910a919935c1b10
  languageName: node
  linkType: hard

"cli-cursor@npm:^5.0.0":
  version: 5.0.0
  resolution: "cli-cursor@npm:5.0.0"
  dependencies:
    restore-cursor: "npm:^5.0.0"
  checksum: 10c0/7ec62f69b79f6734ab209a3e4dbdc8af7422d44d360a7cb1efa8a0887bbe466a6e625650c466fe4359aee44dbe2dc0b6994b583d40a05d0808a5cb193641d220
  languageName: node
  linkType: hard

"cli-truncate@npm:^6.1.1":
  version: 6.1.1
  resolution: "cli-truncate@npm:6.1.1"
  dependencies:
    slice-ansi: "npm:^9.0.0"
    string-width: "npm:^8.2.0"
  checksum: 10c0/56760fd0987d1c93711ce603510cce12a97f91d7b4a4f892402a586522aa14633caca86fe410defcfac256f56ea88de757d82d5c874a20eb5861b24d5eebcffb
  languageName: node
  linkType: hard

"commander@npm:15.0.0":
  version: 15.0.0
  resolution: "commander@npm:15.0.0"
  checksum: 10c0/539229c171914ea1ccd45ee5f10d924289a12a684ea3a7a44147abe54003c35ed6de9ae4ad198d88c29fdf403dca0428451a388234e6dc01b6faa978fb207206
  languageName: node
  linkType: hard

"detect-libc@npm:^2.1.2":
  version: 2.1.2
  resolution: "detect-libc@npm:2.1.2"
  checksum: 10c0/acc675c29a5649fa1fb6e255f993b8ee829e510b6b56b0910666949c80c364738833417d0edb5f90e4e46be17228b0f2b66a010513984e18b15deeeac49369c4
  languageName: node
  linkType: hard

"env-paths@npm:^2.2.0":
  version: 2.2.1
  resolution: "env-paths@npm:2.2.1"
  checksum: 10c0/285325677bf00e30845e330eec32894f5105529db97496ee3f598478e50f008c5352a41a30e5e72ec9de8a542b5a570b85699cd63bd2bc646dbcb9f311d83bc4
  languageName: node
  linkType: hard

"environment@npm:^1.0.0":
  version: 1.1.0
  resolution: "environment@npm:1.1.0"
  checksum: 10c0/fb26434b0b581ab397039e51ff3c92b34924a98b2039dcb47e41b7bca577b9dbf134a8eadb364415c74464b682e2d3afe1a4c0eb9873dc44ea814c5d3103331d
  languageName: node
  linkType: hard

"exponential-backoff@npm:^3.1.1":
  version: 3.1.3
  resolution: "exponential-backoff@npm:3.1.3"
  checksum: 10c0/77e3ae682b7b1f4972f563c6dbcd2b0d54ac679e62d5d32f3e5085feba20483cf28bd505543f520e287a56d4d55a28d7874299941faf637e779a1aa5994d1267
  languageName: node
  linkType: hard

"fdir@npm:^6.5.0":
  version: 6.5.0
  resolution: "fdir@npm:6.5.0"
  peerDependencies:
    picomatch: ^3 || ^4
  peerDependenciesMeta:
    picomatch:
      optional: true
  checksum: 10c0/e345083c4306b3aed6cb8ec551e26c36bab5c511e99ea4576a16750ddc8d3240e63826cc624f5ae17ad4dc82e68a253213b60d556c11bfad064b7607847ed07f
  languageName: node
  linkType: hard

"fsevents@npm:2.3.2":
  version: 2.3.2
  resolution: "fsevents@npm:2.3.2"
  dependencies:
    node-gyp: "npm:latest"
  checksum: 10c0/be78a3efa3e181cda3cf7a4637cb527bcebb0bd0ea0440105a3bb45b86f9245b307dc10a2507e8f4498a7d4ec349d1910f4d73e4d4495b16103106e07eee735b
  conditions: os=darwin
  languageName: node
  linkType: hard

"fsevents@patch:fsevents@npm%3A2.3.2#optional!builtin<compat/fsevents>":
  version: 2.3.2
  resolution: "fsevents@patch:fsevents@npm%3A2.3.2#optional!builtin<compat/fsevents>::version=2.3.2&hash=df0bf1"
  dependencies:
    node-gyp: "npm:latest"
  conditions: os=darwin
  languageName: node
  linkType: hard

"get-east-asian-width@npm:^1.3.1, get-east-asian-width@npm:^1.5.0":
  version: 1.6.0
  resolution: "get-east-asian-width@npm:1.6.0"
  checksum: 10c0/7e72e9550fd49ca5b246f9af6bb2afc129c96412845ff6556b3274fd44817a381702ca17028efe9866b261a3d44254cbf21e6c90cf05b4b61675630af776d431
  languageName: node
  linkType: hard

"gifenc@npm:1.0.3":
  version: 1.0.3
  resolution: "gifenc@npm:1.0.3"
  checksum: 10c0/34fc6b2c66c305fc556cd2f475154ce2ad68384a52ceb8253b901c8c7d9c63f2c0a5d109ceb3cb46e44c2c6155009920a286cf08a621105863aa43468e345229
  languageName: node
  linkType: hard

"graceful-fs@npm:^4.2.6":
  version: 4.2.11
  resolution: "graceful-fs@npm:4.2.11"
  checksum: 10c0/386d011a553e02bc594ac2ca0bd6d9e4c22d7fa8cfbfc448a6d148c59ea881b092db9dbe3547ae4b88e55f1b01f7c4a2ecc53b310c042793e63aa44cf6c257f2
  languageName: node
  linkType: hard

"is-fullwidth-code-point@npm:^5.1.0":
  version: 5.1.0
  resolution: "is-fullwidth-code-point@npm:5.1.0"
  dependencies:
    get-east-asian-width: "npm:^1.3.1"
  checksum: 10c0/c1172c2e417fb73470c56c431851681591f6a17233603a9e6f94b7ba870b2e8a5266506490573b607fb1081318589372034aa436aec07b465c2029c0bc7f07a4
  languageName: node
  linkType: hard

"isexe@npm:^4.0.0":
  version: 4.0.0
  resolution: "isexe@npm:4.0.0"
  checksum: 10c0/5884815115bceac452877659a9c7726382531592f43dc29e5d48b7c4100661aed54018cb90bd36cb2eaeba521092570769167acbb95c18d39afdccbcca06c5ce
  languageName: node
  linkType: hard

"listr2@npm:11.0.0":
  version: 11.0.0
  resolution: "listr2@npm:11.0.0"
  dependencies:
    cli-truncate: "npm:^6.1.1"
    log-update: "npm:^8.0.0"
    wrap-ansi: "npm:^10.0.0"
  checksum: 10c0/bde34aa5ec4344ba582da9db0aa5a33fa1b19157533362893447a7508d50c6486659a33903c033383bcf7b4921cf181ddf4369b896a4287da38563a2de31ca1e
  languageName: node
  linkType: hard

"log-update@npm:^8.0.0":
  version: 8.0.0
  resolution: "log-update@npm:8.0.0"
  dependencies:
    ansi-escapes: "npm:^7.3.0"
    cli-cursor: "npm:^5.0.0"
    slice-ansi: "npm:^9.0.0"
    string-width: "npm:^8.2.0"
    strip-ansi: "npm:^7.2.0"
    wrap-ansi: "npm:^10.0.0"
  checksum: 10c0/15292232a491d214c7ad5f2f42d96decfc3f65f0ffbd4d8dc141b5dc825e9a94d922f3b0d62c4d1aaf3d9dea0a3559f28dcc77a8cbe3fd2389e55382736b57bb
  languageName: node
  linkType: hard

"logigator-docs-screenshots@workspace:.":
  version: 0.0.0-use.local
  resolution: "logigator-docs-screenshots@workspace:."
  dependencies:
    commander: "npm:15.0.0"
    gifenc: "npm:1.0.3"
    listr2: "npm:11.0.0"
    playwright: "npm:1.61.1"
    pngjs: "npm:7.0.0"
    sharp: "npm:0.35.3"
  bin:
    docs-screenshots: ./capture.mjs
  languageName: unknown
  linkType: soft

"mimic-function@npm:^5.0.0":
  version: 5.0.1
  resolution: "mimic-function@npm:5.0.1"
  checksum: 10c0/f3d9464dd1816ecf6bdf2aec6ba32c0728022039d992f178237d8e289b48764fee4131319e72eedd4f7f094e22ded0af836c3187a7edc4595d28dd74368fd81d
  languageName: node
  linkType: hard

"minipass@npm:^7.0.4, minipass@npm:^7.1.2":
  version: 7.1.3
  resolution: "minipass@npm:7.1.3"
  checksum: 10c0/539da88daca16533211ea5a9ee98dc62ff5742f531f54640dd34429e621955e91cc280a91a776026264b7f9f6735947629f920944e9c1558369e8bf22eb33fbb
  languageName: node
  linkType: hard

"minizlib@npm:^3.1.0":
  version: 3.1.0
  resolution: "minizlib@npm:3.1.0"
  dependencies:
    minipass: "npm:^7.1.2"
  checksum: 10c0/5aad75ab0090b8266069c9aabe582c021ae53eb33c6c691054a13a45db3b4f91a7fb1bd79151e6b4e9e9a86727b522527c0a06ec7d45206b745d54cd3097bcec
  languageName: node
  linkType: hard

"node-gyp@npm:latest":
  version: 13.0.1
  resolution: "node-gyp@npm:13.0.1"
  dependencies:
    env-paths: "npm:^2.2.0"
    exponential-backoff: "npm:^3.1.1"
    graceful-fs: "npm:^4.2.6"
    nopt: "npm:^10.0.0"
    proc-log: "npm:^7.0.0"
    semver: "npm:^7.3.5"
    tar: "npm:^7.5.4"
    tinyglobby: "npm:^0.2.12"
    undici: "npm:^8.4.1"
    which: "npm:^7.0.0"
  bin:
    node-gyp: bin/node-gyp.js
  checksum: 10c0/424077bc9e9bbe953a8e86db473ba818cbc6a121714008c977fd589e21e5f0c811fbf22faac730dc7182450b5e52df301811d01ae3373898658d999b7710f4e6
  languageName: node
  linkType: hard

"nopt@npm:^10.0.0":
  version: 10.0.1
  resolution: "nopt@npm:10.0.1"
  dependencies:
    abbrev: "npm:^5.0.0"
  bin:
    nopt: bin/nopt.js
  checksum: 10c0/980d89257f9587f3e1f77877ddbf905d6aa3b738ec33e49a4fa1a059a0dd82eb28063982b150654a7ae9de386f2ead60e56172db7d37cf56de545f7392a2a26a
  languageName: node
  linkType: hard

"onetime@npm:^7.0.0":
  version: 7.0.0
  resolution: "onetime@npm:7.0.0"
  dependencies:
    mimic-function: "npm:^5.0.0"
  checksum: 10c0/5cb9179d74b63f52a196a2e7037ba2b9a893245a5532d3f44360012005c9cadb60851d56716ebff18a6f47129dab7168022445df47c2aff3b276d92585ed1221
  languageName: node
  linkType: hard

"picomatch@npm:^4.0.4":
  version: 4.0.5
  resolution: "picomatch@npm:4.0.5"
  checksum: 10c0/947bc6b6e1ff1e6c5aaf95b107a0839d12802f4f7b867663f67d47accba939ca1cb582cf99dfc30438efa1c4648ac5990967e783e8929c36b03e8440704ef1bd
  languageName: node
  linkType: hard

"playwright-core@npm:1.61.1":
  version: 1.61.1
  resolution: "playwright-core@npm:1.61.1"
  bin:
    playwright-core: cli.js
  checksum: 10c0/c28896ba82a602182e240ed4f9c467fb0dd9cb57d510f8aba9f25183fe1cde3a0105725a29baffa4157fe885bbb11e228032a2aad0424111584fde45303f07bd
  languageName: node
  linkType: hard

"playwright@npm:1.61.1":
  version: 1.61.1
  resolution: "playwright@npm:1.61.1"
  dependencies:
    fsevents: "npm:2.3.2"
    playwright-core: "npm:1.61.1"
  dependenciesMeta:
    fsevents:
      optional: true
  bin:
    playwright: cli.js
  checksum: 10c0/cea1bc4d2a64ec3ef683891606774029da7b8a8036ed98332565cec2f8e89549ca1fab9a89fbfba4e08e27e0d7e7d148031e965af66d5ff97bb3c34058cfcad0
  languageName: node
  linkType: hard

"pngjs@npm:7.0.0":
  version: 7.0.0
  resolution: "pngjs@npm:7.0.0"
  checksum: 10c0/0d4c7a0fd476a9c33df7d0a2a73e1d56537628a668841f6995c2bca070cf30819f9254a64363266bc14ef2fee47659dd3b4f2b18eec7ab65143015139f497b38
  languageName: node
  linkType: hard

"proc-log@npm:^7.0.0":
  version: 7.0.0
  resolution: "proc-log@npm:7.0.0"
  checksum: 10c0/b89c2d862604f35fec795477b0c7e376feab3ba0d4f4d291c4e959567442697cf451ac557d0623c1cc38af45a78128b983410f397a10c5d3a67f76c33de4754b
  languageName: node
  linkType: hard

"restore-cursor@npm:^5.0.0":
  version: 5.1.0
  resolution: "restore-cursor@npm:5.1.0"
  dependencies:
    onetime: "npm:^7.0.0"
    signal-exit: "npm:^4.1.0"
  checksum: 10c0/c2ba89131eea791d1b25205bdfdc86699767e2b88dee2a590b1a6caa51737deac8bad0260a5ded2f7c074b7db2f3a626bcf1fcf3cdf35974cbeea5e2e6764f60
  languageName: node
  linkType: hard

"semver@npm:^7.3.5, semver@npm:^7.8.5":
  version: 7.8.5
  resolution: "semver@npm:7.8.5"
  bin:
    semver: bin/semver.js
  checksum: 10c0/b1f3127a5be8125a94f37188b361c212466c292c6910adce3ec106cff5dc211ccaedc4739c11bb70fda59d6fc1f040a9bca289f4e093451521a2372e5231fe0c
  languageName: node
  linkType: hard

"sharp@npm:0.35.3":
  version: 0.35.3
  resolution: "sharp@npm:0.35.3"
  dependencies:
    "@img/colour": "npm:^1.1.0"
    "@img/sharp-darwin-arm64": "npm:0.35.3"
    "@img/sharp-darwin-x64": "npm:0.35.3"
    "@img/sharp-freebsd-wasm32": "npm:0.35.3"
    "@img/sharp-libvips-darwin-arm64": "npm:1.3.2"
    "@img/sharp-libvips-darwin-x64": "npm:1.3.2"
    "@img/sharp-libvips-linux-arm": "npm:1.3.2"
    "@img/sharp-libvips-linux-arm64": "npm:1.3.2"
    "@img/sharp-libvips-linux-ppc64": "npm:1.3.2"
    "@img/sharp-libvips-linux-riscv64": "npm:1.3.2"
    "@img/sharp-libvips-linux-s390x": "npm:1.3.2"
    "@img/sharp-libvips-linux-x64": "npm:1.3.2"
    "@img/sharp-libvips-linuxmusl-arm64": "npm:1.3.2"
    "@img/sharp-libvips-linuxmusl-x64": "npm:1.3.2"
    "@img/sharp-linux-arm": "npm:0.35.3"
    "@img/sharp-linux-arm64": "npm:0.35.3"
    "@img/sharp-linux-ppc64": "npm:0.35.3"
    "@img/sharp-linux-riscv64": "npm:0.35.3"
    "@img/sharp-linux-s390x": "npm:0.35.3"
    "@img/sharp-linux-x64": "npm:0.35.3"
    "@img/sharp-linuxmusl-arm64": "npm:0.35.3"
    "@img/sharp-linuxmusl-x64": "npm:0.35.3"
    "@img/sharp-webcontainers-wasm32": "npm:0.35.3"
    "@img/sharp-win32-arm64": "npm:0.35.3"
    "@img/sharp-win32-ia32": "npm:0.35.3"
    "@img/sharp-win32-x64": "npm:0.35.3"
    detect-libc: "npm:^2.1.2"
    semver: "npm:^7.8.5"
  dependenciesMeta:
    "@img/sharp-darwin-arm64":
      optional: true
    "@img/sharp-darwin-x64":
      optional: true
    "@img/sharp-freebsd-wasm32":
      optional: true
    "@img/sharp-libvips-darwin-arm64":
      optional: true
    "@img/sharp-libvips-darwin-x64":
      optional: true
    "@img/sharp-libvips-linux-arm":
      optional: true
    "@img/sharp-libvips-linux-arm64":
      optional: true
    "@img/sharp-libvips-linux-ppc64":
      optional: true
    "@img/sharp-libvips-linux-riscv64":
      optional: true
    "@img/sharp-libvips-linux-s390x":
      optional: true
    "@img/sharp-libvips-linux-x64":
      optional: true
    "@img/sharp-libvips-linuxmusl-arm64":
      optional: true
    "@img/sharp-libvips-linuxmusl-x64":
      optional: true
    "@img/sharp-linux-arm":
      optional: true
    "@img/sharp-linux-arm64":
      optional: true
    "@img/sharp-linux-ppc64":
      optional: true
    "@img/sharp-linux-riscv64":
      optional: true
    "@img/sharp-linux-s390x":
      optional: true
    "@img/sharp-linux-x64":
      optional: true
    "@img/sharp-linuxmusl-arm64":
      optional: true
    "@img/sharp-linuxmusl-x64":
      optional: true
    "@img/sharp-webcontainers-wasm32":
      optional: true
    "@img/sharp-win32-arm64":
      optional: true
    "@img/sharp-win32-ia32":
      optional: true
    "@img/sharp-win32-x64":
      optional: true
  peerDependenciesMeta:
    "@types/node":
      optional: true
  checksum: 10c0/d99d60fc716aacbf42fcb0eb6d129142e0912eb23310adf48bc94e6989e27c838c5b5f507b928c723c72d265f9ceea3d4b1207e8fd5929797b23005663ce1d07
  languageName: node
  linkType: hard

"signal-exit@npm:^4.1.0":
  version: 4.1.0
  resolution: "signal-exit@npm:4.1.0"
  checksum: 10c0/41602dce540e46d599edba9d9860193398d135f7ff72cab629db5171516cfae628d21e7bfccde1bbfdf11c48726bc2a6d1a8fb8701125852fbfda7cf19c6aa83
  languageName: node
  linkType: hard

"slice-ansi@npm:^9.0.0":
  version: 9.0.0
  resolution: "slice-ansi@npm:9.0.0"
  dependencies:
    ansi-styles: "npm:^6.2.3"
    is-fullwidth-code-point: "npm:^5.1.0"
  checksum: 10c0/fd97f0e3a48386dbf1cbc2f10134f1e345c161188adb6928856079b4c0117c221a5405a7bff341e1a6e428721c5236353ab26b7d777a4f2f35a8ed2a91d82e7a
  languageName: node
  linkType: hard

"string-width@npm:^8.2.0":
  version: 8.2.2
  resolution: "string-width@npm:8.2.2"
  dependencies:
    get-east-asian-width: "npm:^1.5.0"
    strip-ansi: "npm:^7.1.2"
  checksum: 10c0/895624534e4e2f229e880bbc30aa77bdeb758e1a0edce203e0a17b8b4f08b8d3c1156516efc50a35e3efd0052d938a73797692111250ac9f52ee384710a01714
  languageName: node
  linkType: hard

"strip-ansi@npm:^7.1.2, strip-ansi@npm:^7.2.0":
  version: 7.2.0
  resolution: "strip-ansi@npm:7.2.0"
  dependencies:
    ansi-regex: "npm:^6.2.2"
  checksum: 10c0/544d13b7582f8254811ea97db202f519e189e59d35740c46095897e254e4f1aa9fe1524a83ad6bc5ad67d4dd6c0281d2e0219ed62b880a6238a16a17d375f221
  languageName: node
  linkType: hard

"tar@npm:^7.5.4":
  version: 7.5.22
  resolution: "tar@npm:7.5.22"
  dependencies:
    "@isaacs/fs-minipass": "npm:^4.0.0"
    chownr: "npm:^3.0.0"
    minipass: "npm:^7.1.2"
    minizlib: "npm:^3.1.0"
    yallist: "npm:^5.0.0"
  checksum: 10c0/1311f6be85a8157ac4c9147bae43e13923d2a1aae15e4aa1bd5239e4e03d2cf53cfe103dde7f35832fbb4c938b042856bc8e9a0afd29abd05e2d1608788c4fea
  languageName: node
  linkType: hard

"tinyglobby@npm:^0.2.12":
  version: 0.2.17
  resolution: "tinyglobby@npm:0.2.17"
  dependencies:
    fdir: "npm:^6.5.0"
    picomatch: "npm:^4.0.4"
  checksum: 10c0/7f7bb0f197c88bc4b20c231e0deca4240ca3bf313a88f5a7fee93a872b84966a4d50220947c0455ad07a60b3b360961c5b7fd979222aeb716a9f99b412002e4c
  languageName: node
  linkType: hard

"tslib@npm:^2.4.0":
  version: 2.8.1
  resolution: "tslib@npm:2.8.1"
  checksum: 10c0/9c4759110a19c53f992d9aae23aac5ced636e99887b51b9e61def52611732872ff7668757d4e4c61f19691e36f4da981cd9485e869b4a7408d689f6bf1f14e62
  languageName: node
  linkType: hard

"undici@npm:^8.4.1":
  version: 8.9.0
  resolution: "undici@npm:8.9.0"
  checksum: 10c0/e3d9fa35a9aa8360d9f56e66bd372f451ee053e25066a97fd9fab3816267035660f67870c6d709a58a5411551657af78c4475be5b31c113b04f70251309900d0
  languageName: node
  linkType: hard

"which@npm:^7.0.0":
  version: 7.0.0
  resolution: "which@npm:7.0.0"
  dependencies:
    isexe: "npm:^4.0.0"
  bin:
    node-which: bin/which.js
  checksum: 10c0/ca0b54f198f78bbc4b7c02e34bda8d335cb352e0adb4cbca1c37b1a957af3a879a82c4c27ca6525bc942f548d8b64f816ef6528360af9f3de55ffb9b979b620d
  languageName: node
  linkType: hard

"wrap-ansi@npm:^10.0.0":
  version: 10.0.0
  resolution: "wrap-ansi@npm:10.0.0"
  dependencies:
    ansi-styles: "npm:^6.2.3"
    string-width: "npm:^8.2.0"
    strip-ansi: "npm:^7.1.2"
  checksum: 10c0/6b163457630fe6d1c72aeed283a7410b2cc7487312df8b0ce96df3fbd64a2a7c948856ea97c25148c848627587c5c7945be474d8e723ab6011bb0756a53a9e89
  languageName: node
  linkType: hard

"yallist@npm:^5.0.0":
  version: 5.0.0
  resolution: "yallist@npm:5.0.0"
  checksum: 10c0/a499c81ce6d4a1d260d4ea0f6d49ab4da09681e32c3f0472dee16667ed69d01dae63a3b81745a24bd78476ec4fcf856114cb4896ace738e01da34b2c42235416
  languageName: node
  linkType: hard
